
Microsoft Visual Studio Solution File, Format Version 12.00
# Visual Studio Version 17
VisualStudioVersion = 17.3.32922.545
MinimumVisualStudioVersion = 10.0.40219.1
Project("{FAE04EC0-301F-11D3-BF4B-00C04F79EFBC}") = "Noviembre.Web", "Noviembre.Web\Noviembre.Web.csproj", "{B7D6A938-C57A-4F7A-9AD9-EB428B1A18ED}"
EndProject
Global
	GlobalSection(SolutionConfigurationPlatforms) = preSolution
		Debug|Any CPU = Debug|Any CPU
		Release|Any CPU = Release|Any CPU
	EndGlobalSection
	GlobalSection(ProjectConfigurationPlatforms) = postSolution
		{B7D6A938-C57A-4F7A-9AD9-EB428B1A18ED}.Debug|Any CPU.ActiveCfg = Debug|Any CPU
		{B7D6A938-C57A-4F7A-9AD9-EB428B1A18ED}.Debug|Any CPU.Build.0 = Debug|Any CPU
		{B7D6A938-C57A-4F7A-9AD9-EB428B1A18ED}.Release|Any CPU.ActiveCfg = Release|Any CPU
		{B7D6A938-C57A-4F7A-9AD9-EB428B1A18ED}.Release|Any CPU.Build.0 = Release|Any CPU
	EndGlobalSection
	GlobalSection(SolutionProperties) = preSolution
		HideSolutionNode = FALSE
	EndGlobalSection
	GlobalSection(ExtensibilityGlobals) = postSolution
		SolutionGuid = {2EE3AA15-3396-4A27-8B13-040B18E32887}
	EndGlobalSection
EndGlobal
